
Microsoft Visual Studio Solution File, Format Version 12.00
# Visual Studio Version 17
VisualStudioVersion = 17.11.35219.272
MinimumVisualStudioVersion = 10.0.40219.1
Project("{8BC9CEB8-8B4A-11D0-8D11-00A0C91BC942}") = "HotelskiSistemServer", "HotelskiSistemServer\HotelskiSistemServer.vcxproj", "{C24AB6AC-AD02-4F14-8481-F4B15D413F9D}"
EndProject
Project("{8BC9CEB8-8B4A-11D0-8D11-00A0C91BC942}") = "Gost", "Gost\Gost.vcxproj", "{24282E6F-4176-4DC9-8798-71D170E28FBF}"
EndProject
Project("{8BC9CEB8-8B4A-11D0-8D11-00A0C91BC942}") = "Osoblje", "Osoblje\Osoblje.vcxproj", "{124D1179-6258-42B2-8C37-6B2B64EE8A0F}"
EndProject
Project("{FAE04EC0-301F-11D3-BF4B-00C04F79EFBC}") = "Gost1", "Gost1\Gost1.csproj", "{D8DB354E-2F6B-4A07-AFFE-CA261DB0BFC9}"
EndProject
Project("{FAE04EC0-301F-11D3-BF4B-00C04F79EFBC}") = "Osoblje1", "Osoblje1\Osoblje1.csproj", "{E5F83EC3-752E-46AC-B363-392BE03A5DA6}"
EndProject
Project("{FAE04EC0-301F-11D3-BF4B-00C04F79EFBC}") = "HotelskiSistemServer11", "HotelskiSistemServer11\HotelskiSistemServer11.csproj", "{C59B27B7-3324-4416-B734-3EB319A31E8A}"
EndProject
Global
	GlobalSection(SolutionConfigurationPlatforms) = preSolution
		Debug|Any CPU = Debug|Any CPU
		Debug|x64 = Debug|x64
		Debug|x86 = Debug|x86
		Release|Any CPU = Release|Any CPU
		Release|x64 = Release|x64
		Release|x86 = Release|x86
	EndGlobalSection
	GlobalSection(ProjectConfigurationPlatforms) = postSolution
		{C24AB6AC-AD02-4F14-8481-F4B15D413F9D}.Debug|Any CPU.ActiveCfg = Debug|x64
		{C24AB6AC-AD02-4F14-8481-F4B15D413F9D}.Debug|Any CPU.Build.0 = Debug|x64
		{C24AB6AC-AD02-4F14-8481-F4B15D413F9D}.Debug|x64.ActiveCfg = Debug|x64
		{C24AB6AC-AD02-4F14-8481-F4B15D413F9D}.Debug|x64.Build.0 = Debug|x64
		{C24AB6AC-AD02-4F14-8481-F4B15D413F9D}.Debug|x86.ActiveCfg = Debug|Win32
		{C24AB6AC-AD02-4F14-8481-F4B15D413F9D}.Debug|x86.Build.0 = Debug|Win32
		{C24AB6AC-AD02-4F14-8481-F4B15D413F9D}.Release|Any CPU.ActiveCfg = Release|x64
		{C24AB6AC-AD02-4F14-8481-F4B15D413F9D}.Release|Any CPU.Build.0 = Release|x64
		{C24AB6AC-AD02-4F14-8481-F4B15D413F9D}.Release|x64.ActiveCfg = Release|x64
		{C24AB6AC-AD02-4F14-8481-F4B15D413F9D}.Release|x64.Build.0 = Release|x64
		{C24AB6AC-AD02-4F14-8481-F4B15D413F9D}.Release|x86.ActiveCfg = Release|Win32
		{C24AB6AC-AD02-4F14-8481-F4B15D413F9D}.Release|x86.Build.0 = Release|Win32
		{24282E6F-4176-4DC9-8798-71D170E28FBF}.Debug|Any CPU.ActiveCfg = Debug|x64
		{24282E6F-4176-4DC9-8798-71D170E28FBF}.Debug|Any CPU.Build.0 = Debug|x64
		{24282E6F-4176-4DC9-8798-71D170E28FBF}.Debug|x64.ActiveCfg = Debug|x64
		{24282E6F-4176-4DC9-8798-71D170E28FBF}.Debug|x64.Build.0 = Debug|x64
		{24282E6F-4176-4DC9-8798-71D170E28FBF}.Debug|x86.ActiveCfg = Debug|Win32
		{24282E6F-4176-4DC9-8798-71D170E28FBF}.Debug|x86.Build.0 = Debug|Win32
		{24282E6F-4176-4DC9-8798-71D170E28FBF}.Release|Any CPU.ActiveCfg = Release|x64
		{24282E6F-4176-4DC9-8798-71D170E28FBF}.Release|Any CPU.Build.0 = Release|x64
		{24282E6F-4176-4DC9-8798-71D170E28FBF}.Release|x64.ActiveCfg = Release|x64
		{24282E6F-4176-4DC9-8798-71D170E28FBF}.Release|x64.Build.0 = Release|x64
		{24282E6F-4176-4DC9-8798-71D170E28FBF}.Release|x86.ActiveCfg = Release|Win32
		{24282E6F-4176-4DC9-8798-71D170E28FBF}.Release|x86.Build.0 = Release|Win32
		{124D1179-6258-42B2-8C37-6B2B64EE8A0F}.Debug|Any CPU.ActiveCfg = Debug|x64
		{124D1179-6258-42B2-8C37-6B2B64EE8A0F}.Debug|Any CPU.Build.0 = Debug|x64
		{124D1179-6258-42B2-8C37-6B2B64EE8A0F}.Debug|x64.ActiveCfg = Debug|x64
		{124D1179-6258-42B2-8C37-6B2B64EE8A0F}.Debug|x64.Build.0 = Debug|x64
		{124D1179-6258-42B2-8C37-6B2B64EE8A0F}.Debug|x86.ActiveCfg = Debug|Win32
		{124D1179-6258-42B2-8C37-6B2B64EE8A0F}.Debug|x86.Build.0 = Debug|Win32
		{124D1179-6258-42B2-8C37-6B2B64EE8A0F}.Release|Any CPU.ActiveCfg = Release|x64
		{124D1179-6258-42B2-8C37-6B2B64EE8A0F}.Release|Any CPU.Build.0 = Release|x64
		{124D1179-6258-42B2-8C37-6B2B64EE8A0F}.Release|x64.ActiveCfg = Release|x64
		{124D1179-6258-42B2-8C37-6B2B64EE8A0F}.Release|x64.Build.0 = Release|x64
		{124D1179-6258-42B2-8C37-6B2B64EE8A0F}.Release|x86.ActiveCfg = Release|Win32
		{124D1179-6258-42B2-8C37-6B2B64EE8A0F}.Release|x86.Build.0 = Release|Win32
		{D8DB354E-2F6B-4A07-AFFE-CA261DB0BFC9}.Debug|Any CPU.ActiveCfg = Debug|Any CPU
		{D8DB354E-2F6B-4A07-AFFE-CA261DB0BFC9}.Debug|Any CPU.Build.0 = Debug|Any CPU
		{D8DB354E-2F6B-4A07-AFFE-CA261DB0BFC9}.Debug|x64.ActiveCfg = Debug|Any CPU
		{D8DB354E-2F6B-4A07-AFFE-CA261DB0BFC9}.Debug|x64.Build.0 = Debug|Any CPU
		{D8DB354E-2F6B-4A07-AFFE-CA261DB0BFC9}.Debug|x86.ActiveCfg = Debug|Any CPU
		{D8DB354E-2F6B-4A07-AFFE-CA261DB0BFC9}.Debug|x86.Build.0 = Debug|Any CPU
		{D8DB354E-2F6B-4A07-AFFE-CA261DB0BFC9}.Release|Any CPU.ActiveCfg = Release|Any CPU
		{D8DB354E-2F6B-4A07-AFFE-CA261DB0BFC9}.Release|Any CPU.Build.0 = Release|Any CPU
		{D8DB354E-2F6B-4A07-AFFE-CA261DB0BFC9}.Release|x64.ActiveCfg = Release|Any CPU
		{D8DB354E-2F6B-4A07-AFFE-CA261DB0BFC9}.Release|x64.Build.0 = Release|Any CPU
		{D8DB354E-2F6B-4A07-AFFE-CA261DB0BFC9}.Release|x86.ActiveCfg = Release|Any CPU
		{D8DB354E-2F6B-4A07-AFFE-CA261DB0BFC9}.Release|x86.Build.0 = Release|Any CPU
		{E5F83EC3-752E-46AC-B363-392BE03A5DA6}.Debug|Any CPU.ActiveCfg = Debug|Any CPU
		{E5F83EC3-752E-46AC-B363-392BE03A5DA6}.Debug|Any CPU.Build.0 = Debug|Any CPU
		{E5F83EC3-752E-46AC-B363-392BE03A5DA6}.Debug|x64.ActiveCfg = Debug|Any CPU
		{E5F83EC3-752E-46AC-B363-392BE03A5DA6}.Debug|x64.Build.0 = Debug|Any CPU
		{E5F83EC3-752E-46AC-B363-392BE03A5DA6}.Debug|x86.ActiveCfg = Debug|Any CPU
		{E5F83EC3-752E-46AC-B363-392BE03A5DA6}.Debug|x86.Build.0 = Debug|Any CPU
		{E5F83EC3-752E-46AC-B363-392BE03A5DA6}.Release|Any CPU.ActiveCfg = Release|Any CPU
		{E5F83EC3-752E-46AC-B363-392BE03A5DA6}.Release|Any CPU.Build.0 = Release|Any CPU
		{E5F83EC3-752E-46AC-B363-392BE03A5DA6}.Release|x64.ActiveCfg = Release|Any CPU
		{E5F83EC3-752E-46AC-B363-392BE03A5DA6}.Release|x64.Build.0 = Release|Any CPU
		{E5F83EC3-752E-46AC-B363-392BE03A5DA6}.Release|x86.ActiveCfg = Release|Any CPU
		{E5F83EC3-752E-46AC-B363-392BE03A5DA6}.Release|x86.Build.0 = Release|Any CPU
		{C59B27B7-3324-4416-B734-3EB319A31E8A}.Debug|Any CPU.ActiveCfg = Debug|Any CPU
		{C59B27B7-3324-4416-B734-3EB319A31E8A}.Debug|Any CPU.Build.0 = Debug|Any CPU
		{C59B27B7-3324-4416-B734-3EB319A31E8A}.Debug|x64.ActiveCfg = Debug|Any CPU
		{C59B27B7-3324-4416-B734-3EB319A31E8A}.Debug|x64.Build.0 = Debug|Any CPU
		{C59B27B7-3324-4416-B734-3EB319A31E8A}.Debug|x86.ActiveCfg = Debug|Any CPU
		{C59B27B7-3324-4416-B734-3EB319A31E8A}.Debug|x86.Build.0 = Debug|Any CPU
		{C59B27B7-3324-4416-B734-3EB319A31E8A}.Release|Any CPU.ActiveCfg = Release|Any CPU
		{C59B27B7-3324-4416-B734-3EB319A31E8A}.Release|Any CPU.Build.0 = Release|Any CPU
		{C59B27B7-3324-4416-B734-3EB319A31E8A}.Release|x64.ActiveCfg = Release|Any CPU
		{C59B27B7-3324-4416-B734-3EB319A31E8A}.Release|x64.Build.0 = Release|Any CPU
		{C59B27B7-3324-4416-B734-3EB319A31E8A}.Release|x86.ActiveCfg = Release|Any CPU
		{C59B27B7-3324-4416-B734-3EB319A31E8A}.Release|x86.Build.0 = Release|Any CPU
	EndGlobalSection
	GlobalSection(SolutionProperties) = preSolution
		HideSolutionNode = FALSE
	EndGlobalSection
	GlobalSection(ExtensibilityGlobals) = postSolution
		SolutionGuid = {815718C3-4319-4B95-BBA4-A7DCBD759C68}
	EndGlobalSection
EndGlobal
