
Microsoft Visual Studio Solution File, Format Version 12.00
# Visual Studio Version 17
VisualStudioVersion = 17.11.35219.272
MinimumVisualStudioVersion = 10.0.40219.1
Project("{FAE04EC0-301F-11D3-BF4B-00C04F79EFBC}") = "Gost1", "Gost1\Gost1.csproj", "{D8DB354E-2F6B-4A07-AFFE-CA261DB0BFC9}"
EndProject
Project("{FAE04EC0-301F-11D3-BF4B-00C04F79EFBC}") = "Osoblje1", "Osoblje1\Osoblje1.csproj", "{E5F83EC3-752E-46AC-B363-392BE03A5DA6}"
EndProject
Project("{FAE04EC0-301F-11D3-BF4B-00C04F79EFBC}") = "HotelskiSistemServer11", "HotelskiSistemServer11\HotelskiSistemServer11.csproj", "{C59B27B7-3324-4416-B734-3EB319A31E8A}"
EndProject
Global
	GlobalSection(SolutionConfigurationPlatforms) = preSolution
		Debug|Any CPU = Debug|Any CPU
		Debug|x64 = Debug|x64
		Debug|x86 = Debug|x86
		Release|Any CPU = Release|Any CPU
		Release|x64 = Release|x64
		Release|x86 = Release|x86
	EndGlobalSection
	GlobalSection(ProjectConfigurationPlatforms) = postSolution
		{D8DB354E-2F6B-4A07-AFFE-CA261DB0BFC9}.Debug|Any CPU.ActiveCfg = Debug|Any CPU
		{D8DB354E-2F6B-4A07-AFFE-CA261DB0BFC9}.Debug|Any CPU.Build.0 = Debug|Any CPU
		{D8DB354E-2F6B-4A07-AFFE-CA261DB0BFC9}.Debug|x64.ActiveCfg = Debug|Any CPU
		{D8DB354E-2F6B-4A07-AFFE-CA261DB0BFC9}.Debug|x64.Build.0 = Debug|Any CPU
		{D8DB354E-2F6B-4A07-AFFE-CA261DB0BFC9}.Debug|x86.ActiveCfg = Debug|Any CPU
		{D8DB354E-2F6B-4A07-AFFE-CA261DB0BFC9}.Debug|x86.Build.0 = Debug|Any CPU
		{D8DB354E-2F6B-4A07-AFFE-CA261DB0BFC9}.Release|Any CPU.ActiveCfg = Release|Any CPU
		{D8DB354E-2F6B-4A07-AFFE-CA261DB0BFC9}.Release|Any CPU.Build.0 = Release|Any CPU
		{D8DB354E-2F6B-4A07-AFFE-CA261DB0BFC9}.Release|x64.ActiveCfg = Release|Any CPU
		{D8DB354E-2F6B-4A07-AFFE-CA261DB0BFC9}.Release|x64.Build.0 = Release|Any CPU
		{D8DB354E-2F6B-4A07-AFFE-CA261DB0BFC9}.Release|x86.ActiveCfg = Release|Any CPU
		{D8DB354E-2F6B-4A07-AFFE-CA261DB0BFC9}.Release|x86.Build.0 = Release|Any CPU
		{E5F83EC3-752E-46AC-B363-392BE03A5DA6}.Debug|Any CPU.ActiveCfg = Debug|Any CPU
		{E5F83EC3-752E-46AC-B363-392BE03A5DA6}.Debug|Any CPU.Build.0 = Debug|Any CPU
		{E5F83EC3-752E-46AC-B363-392BE03A5DA6}.Debug|x64.ActiveCfg = Debug|Any CPU
		{E5F83EC3-752E-46AC-B363-392BE03A5DA6}.Debug|x64.Build.0 = Debug|Any CPU
		{E5F83EC3-752E-46AC-B363-392BE03A5DA6}.Debug|x86.ActiveCfg = Debug|Any CPU
		{E5F83EC3-752E-46AC-B363-392BE03A5DA6}.Debug|x86.Build.0 = Debug|Any CPU
		{E5F83EC3-752E-46AC-B363-392BE03A5DA6}.Release|Any CPU.ActiveCfg = Release|Any CPU
		{E5F83EC3-752E-46AC-B363-392BE03A5DA6}.Release|Any CPU.Build.0 = Release|Any CPU
		{E5F83EC3-752E-46AC-B363-392BE03A5DA6}.Release|x64.ActiveCfg = Release|Any CPU
		{E5F83EC3-752E-46AC-B363-392BE03A5DA6}.Release|x64.Build.0 = Release|Any CPU
		{E5F83EC3-752E-46AC-B363-392BE03A5DA6}.Release|x86.ActiveCfg = Release|Any CPU
		{E5F83EC3-752E-46AC-B363-392BE03A5DA6}.Release|x86.Build.0 = Release|Any CPU
		{C59B27B7-3324-4416-B734-3EB319A31E8A}.Debug|Any CPU.ActiveCfg = Debug|Any CPU
		{C59B27B7-3324-4416-B734-3EB319A31E8A}.Debug|Any CPU.Build.0 = Debug|Any CPU
		{C59B27B7-3324-4416-B734-3EB319A31E8A}.Debug|x64.ActiveCfg = Debug|Any CPU
		{C59B27B7-3324-4416-B734-3EB319A31E8A}.Debug|x64.Build.0 = Debug|Any CPU
		{C59B27B7-3324-4416-B734-3EB319A31E8A}.Debug|x86.ActiveCfg = Debug|Any CPU
		{C59B27B7-3324-4416-B734-3EB319A31E8A}.Debug|x86.Build.0 = Debug|Any CPU
		{C59B27B7-3324-4416-B734-3EB319A31E8A}.Release|Any CPU.ActiveCfg = Release|Any CPU
		{C59B27B7-3324-4416-B734-3EB319A31E8A}.Release|Any CPU.Build.0 = Release|Any CPU
		{C59B27B7-3324-4416-B734-3EB319A31E8A}.Release|x64.ActiveCfg = Release|Any CPU
		{C59B27B7-3324-4416-B734-3EB319A31E8A}.Release|x64.Build.0 = Release|Any CPU
		{C59B27B7-3324-4416-B734-3EB319A31E8A}.Release|x86.ActiveCfg = Release|Any CPU
		{C59B27B7-3324-4416-B734-3EB319A31E8A}.Release|x86.Build.0 = Release|Any CPU
	EndGlobalSection
	GlobalSection(SolutionProperties) = preSolution
		HideSolutionNode = FALSE
	EndGlobalSection
	GlobalSection(ExtensibilityGlobals) = postSolution
		SolutionGuid = {815718C3-4319-4B95-BBA4-A7DCBD759C68}
	EndGlobalSection
EndGlobal
