
Microsoft Visual Studio Solution File, Format Version 12.00
# Visual Studio Version 17
VisualStudioVersion = 17.11.35219.272
MinimumVisualStudioVersion = 10.0.40219.1
Project("{FAE04EC0-301F-11D3-BF4B-00C04F79EFBC}") = "HotelskiSistem", "HotelskiSistem.csproj", "{A7E69647-CD20-4358-A198-3C65838B30A2}"
EndProject
Global
	GlobalSection(SolutionConfigurationPlatforms) = preSolution
		Debug|Any CPU = Debug|Any CPU
		Release|Any CPU = Release|Any CPU
	EndGlobalSection
	GlobalSection(ProjectConfigurationPlatforms) = postSolution
		{A7E69647-CD20-4358-A198-3C65838B30A2}.Debug|Any CPU.ActiveCfg = Debug|Any CPU
		{A7E69647-CD20-4358-A198-3C65838B30A2}.Debug|Any CPU.Build.0 = Debug|Any CPU
		{A7E69647-CD20-4358-A198-3C65838B30A2}.Release|Any CPU.ActiveCfg = Release|Any CPU
		{A7E69647-CD20-4358-A198-3C65838B30A2}.Release|Any CPU.Build.0 = Release|Any CPU
	EndGlobalSection
	GlobalSection(SolutionProperties) = preSolution
		HideSolutionNode = FALSE
	EndGlobalSection
	GlobalSection(ExtensibilityGlobals) = postSolution
		SolutionGuid = {88236C9A-EF0C-4FF6-8F2D-749175AF5F7B}
	EndGlobalSection
EndGlobal
